// !$*UTF8*$!
{
	archiveVersion = 1;
	classes = {
	};
	objectVersion = 50;
	objects = {

/* Begin PBXBuildFile section */
		F2EF1E352326912000CCE02A /* AppDelegate.m in Sources */ = {isa = PBXBuildFile; fileRef = F2EF1E342326912000CCE02A /* AppDelegate.m */; };
		F2EF1E382326912000CCE02A /* ViewController.m in Sources */ = {isa = PBXBuildFile; fileRef = F2EF1E372326912000CCE02A /* ViewController.m */; };
		F2EF1E3B2326912000CCE02A /* Main.storyboard in Resources */ = {isa = PBXBuildFile; fileRef = F2EF1E392326912000CCE02A /* Main.storyboard */; };
		F2EF1E3E2326912000CCE02A /* QJDrawBoardDome.xcdatamodeld in Sources */ = {isa = PBXBuildFile; fileRef = F2EF1E3C2326912000CCE02A /* QJDrawBoardDome.xcdatamodeld */; };
		F2EF1E402326912100CCE02A /* Assets.xcassets in Resources */ = {isa = PBXBuildFile; fileRef = F2EF1E3F2326912100CCE02A /* Assets.xcassets */; };
		F2EF1E432326912100CCE02A /* LaunchScreen.storyboard in Resources */ = {isa = PBXBuildFile; fileRef = F2EF1E412326912100CCE02A /* LaunchScreen.storyboard */; };
		F2EF1E462326912100CCE02A /* main.m in Sources */ = {isa = PBXBuildFile; fileRef = F2EF1E452326912100CCE02A /* main.m */; };
		F2EF1E502326912100CCE02A /* QJDrawBoardDomeTests.m in Sources */ = {isa = PBXBuildFile; fileRef = F2EF1E4F2326912100CCE02A /* QJDrawBoardDomeTests.m */; };
		F2EF1E5B2326912100CCE02A /* QJDrawBoardDomeUITests.m in Sources */ = {isa = PBXBuildFile; fileRef = F2EF1E5A2326912100CCE02A /* QJDrawBoardDomeUITests.m */; };
		F2EF1E6E232692A200CCE02A /* QJDrawBoardView.m in Sources */ = {isa = PBXBuildFile; fileRef = F2EF1E6C232692A100CCE02A /* QJDrawBoardView.m */; };
		F2EF1E70232693B900CCE02A /* QJDrawBoardView.xib in Resources */ = {isa = PBXBuildFile; fileRef = F2EF1E6F232693B900CCE02A /* QJDrawBoardView.xib */; };
		F2EF1E7323269F8700CCE02A /* QJDrawView.m in Sources */ = {isa = PBXBuildFile; fileRef = F2EF1E7223269F8700CCE02A /* QJDrawView.m */; };
		F2EF1E762326A12100CCE02A /* QJBezierPath.m in Sources */ = {isa = PBXBuildFile; fileRef = F2EF1E752326A12100CCE02A /* QJBezierPath.m */; };
/* End PBXBuildFile section */

/* Begin PBXContainerItemProxy section */
		F2EF1E4C2326912100CCE02A /* PBXContainerItemProxy */ = {
			isa = PBXContainerItemProxy;
			containerPortal = F2EF1E282326912000CCE02A /* Project object */;
			proxyType = 1;
			remoteGlobalIDString = F2EF1E2F2326912000CCE02A;
			remoteInfo = QJDrawBoardDome;
		};
		F2EF1E572326912100CCE02A /* PBXContainerItemProxy */ = {
			isa = PBXContainerItemProxy;
			containerPortal = F2EF1E282326912000CCE02A /* Project object */;
			proxyType = 1;
			remoteGlobalIDString = F2EF1E2F2326912000CCE02A;
			remoteInfo = QJDrawBoardDome;
		};
/* End PBXContainerItemProxy section */

/* Begin PBXFileReference section */
		F2EF1E302326912000CCE02A /* QJDrawBoardDome.app */ = {isa = PBXFileReference; explicitFileType = wrapper.application; includeInIndex = 0; path = QJDrawBoardDome.app; sourceTree = BUILT_PRODUCTS_DIR; };
		F2EF1E332326912000CCE02A /* AppDelegate.h */ = {isa = PBXFileReference; lastKnownFileType = sourcecode.c.h; path = AppDelegate.h; sourceTree = "<group>"; };
		F2EF1E342326912000CCE02A /* AppDelegate.m */ = {isa = PBXFileReference; lastKnownFileType = sourcecode.c.objc; path = AppDelegate.m; sourceTree = "<group>"; };
		F2EF1E362326912000CCE02A /* ViewController.h */ = {isa = PBXFileReference; lastKnownFileType = sourcecode.c.h; path = ViewController.h; sourceTree = "<group>"; };
		F2EF1E372326912000CCE02A /* ViewController.m */ = {isa = PBXFileReference; lastKnownFileType = sourcecode.c.objc; path = ViewController.m; sourceTree = "<group>"; };
		F2EF1E3A2326912000CCE02A /* Base */ = {isa = PBXFileReference; lastKnownFileType = file.storyboard; name = Base; path = Base.lproj/Main.storyboard; sourceTree = "<group>"; };
		F2EF1E3D2326912000CCE02A /* QJDrawBoardDome.xcdatamodel */ = {isa = PBXFileReference; lastKnownFileType = wrapper.xcdatamodel; path = QJDrawBoardDome.xcdatamodel; sourceTree = "<group>"; };
		F2EF1E3F2326912100CCE02A /* Assets.xcassets */ = {isa = PBXFileReference; lastKnownFileType = folder.assetcatalog; path = Assets.xcassets; sourceTree = "<group>"; };
		F2EF1E422326912100CCE02A /* Base */ = {isa = PBXFileReference; lastKnownFileType = file.storyboard; name = Base; path = Base.lproj/LaunchScreen.storyboard; sourceTree = "<group>"; };
		F2EF1E442326912100CCE02A /* Info.plist */ = {isa = PBXFileReference; lastKnownFileType = text.plist.xml; path = Info.plist; sourceTree = "<group>"; };
		F2EF1E452326912100CCE02A /* main.m */ = {isa = PBXFileReference; lastKnownFileType = sourcecode.c.objc; path = main.m; sourceTree = "<group>"; };
		F2EF1E4B2326912100CCE02A /* QJDrawBoardDomeTests.xctest */ = {isa = PBXFileReference; explicitFileType = wrapper.cfbundle; includeInIndex = 0; path = QJDrawBoardDomeTests.xctest; sourceTree = BUILT_PRODUCTS_DIR; };
		F2EF1E4F2326912100CCE02A /* QJDrawBoardDomeTests.m */ = {isa = PBXFileReference; lastKnownFileType = sourcecode.c.objc; path = QJDrawBoardDomeTests.m; sourceTree = "<group>"; };
		F2EF1E512326912100CCE02A /* Info.plist */ = {isa = PBXFileReference; lastKnownFileType = text.plist.xml; path = Info.plist; sourceTree = "<group>"; };
		F2EF1E562326912100CCE02A /* QJDrawBoardDomeUITests.xctest */ = {isa = PBXFileReference; explicitFileType = wrapper.cfbundle; includeInIndex = 0; path = QJDrawBoardDomeUITests.xctest; sourceTree = BUILT_PRODUCTS_DIR; };
		F2EF1E5A2326912100CCE02A /* QJDrawBoardDomeUITests.m */ = {isa = PBXFileReference; lastKnownFileType = sourcecode.c.objc; path = QJDrawBoardDomeUITests.m; sourceTree = "<group>"; };
		F2EF1E5C2326912100CCE02A /* Info.plist */ = {isa = PBXFileReference; lastKnownFileType = text.plist.xml; path = Info.plist; sourceTree = "<group>"; };
		F2EF1E6C232692A100CCE02A /* QJDrawBoardView.m */ = {isa = PBXFileReference; fileEncoding = 4; lastKnownFileType = sourcecode.c.objc; path = QJDrawBoardView.m; sourceTree = "<group>"; };
		F2EF1E6D232692A100CCE02A /* QJDrawBoardView.h */ = {isa = PBXFileReference; fileEncoding = 4; lastKnownFileType = sourcecode.c.h; path = QJDrawBoardView.h; sourceTree = "<group>"; };
		F2EF1E6F232693B900CCE02A /* QJDrawBoardView.xib */ = {isa = PBXFileReference; lastKnownFileType = file.xib; path = QJDrawBoardView.xib; sourceTree = "<group>"; };
		F2EF1E7123269F8700CCE02A /* QJDrawView.h */ = {isa = PBXFileReference; lastKnownFileType = sourcecode.c.h; path = QJDrawView.h; sourceTree = "<group>"; };
		F2EF1E7223269F8700CCE02A /* QJDrawView.m */ = {isa = PBXFileReference; lastKnownFileType = sourcecode.c.objc; path = QJDrawView.m; sourceTree = "<group>"; };
		F2EF1E742326A12100CCE02A /* QJBezierPath.h */ = {isa = PBXFileReference; lastKnownFileType = sourcecode.c.h; path = QJBezierPath.h; sourceTree = "<group>"; };
		F2EF1E752326A12100CCE02A /* QJBezierPath.m */ = {isa = PBXFileReference; lastKnownFileType = sourcecode.c.objc; path = QJBezierPath.m; sourceTree = "<group>"; };
/* End PBXFileReference section */

/* Begin PBXFrameworksBuildPhase section */
		F2EF1E2D2326912000CCE02A /* Frameworks */ = {
			isa = PBXFrameworksBuildPhase;
			buildActionMask = 2147483647;
			files = (
			);
			runOnlyForDeploymentPostprocessing = 0;
		};
		F2EF1E482326912100CCE02A /* Frameworks */ = {
			isa = PBXFrameworksBuildPhase;
			buildActionMask = 2147483647;
			files = (
			);
			runOnlyForDeploymentPostprocessing = 0;
		};
		F2EF1E532326912100CCE02A /* Frameworks */ = {
			isa = PBXFrameworksBuildPhase;
			buildActionMask = 2147483647;
			files = (
			);
			runOnlyForDeploymentPostprocessing = 0;
		};
/* End PBXFrameworksBuildPhase section */

/* Begin PBXGroup section */
		F2EF1E272326912000CCE02A = {
			isa = PBXGroup;
			children = (
				F2EF1E322326912000CCE02A /* QJDrawBoardDome */,
				F2EF1E4E2326912100CCE02A /* QJDrawBoardDomeTests */,
				F2EF1E592326912100CCE02A /* QJDrawBoardDomeUITests */,
				F2EF1E312326912000CCE02A /* Products */,
			);
			sourceTree = "<group>";
		};
		F2EF1E312326912000CCE02A /* Products */ = {
			isa = PBXGroup;
			children = (
				F2EF1E302326912000CCE02A /* QJDrawBoardDome.app */,
				F2EF1E4B2326912100CCE02A /* QJDrawBoardDomeTests.xctest */,
				F2EF1E562326912100CCE02A /* QJDrawBoardDomeUITests.xctest */,
			);
			name = Products;
			sourceTree = "<group>";
		};
		F2EF1E322326912000CCE02A /* QJDrawBoardDome */ = {
			isa = PBXGroup;
			children = (
				F2EF1E332326912000CCE02A /* AppDelegate.h */,
				F2EF1E342326912000CCE02A /* AppDelegate.m */,
				F2EF1E362326912000CCE02A /* ViewController.h */,
				F2EF1E372326912000CCE02A /* ViewController.m */,
				F2EF1E6B232692A100CCE02A /* QJDrawBoardView */,
				F2EF1E392326912000CCE02A /* Main.storyboard */,
				F2EF1E3F2326912100CCE02A /* Assets.xcassets */,
				F2EF1E412326912100CCE02A /* LaunchScreen.storyboard */,
				F2EF1E442326912100CCE02A /* Info.plist */,
				F2EF1E452326912100CCE02A /* main.m */,
				F2EF1E3C2326912000CCE02A /* QJDrawBoardDome.xcdatamodeld */,
			);
			path = QJDrawBoardDome;
			sourceTree = "<group>";
		};
		F2EF1E4E2326912100CCE02A /* QJDrawBoardDomeTests */ = {
			isa = PBXGroup;
			children = (
				F2EF1E4F2326912100CCE02A /* QJDrawBoardDomeTests.m */,
				F2EF1E512326912100CCE02A /* Info.plist */,
			);
			path = QJDrawBoardDomeTests;
			sourceTree = "<group>";
		};
		F2EF1E592326912100CCE02A /* QJDrawBoardDomeUITests */ = {
			isa = PBXGroup;
			children = (
				F2EF1E5A2326912100CCE02A /* QJDrawBoardDomeUITests.m */,
				F2EF1E5C2326912100CCE02A /* Info.plist */,
			);
			path = QJDrawBoardDomeUITests;
			sourceTree = "<group>";
		};
		F2EF1E6B232692A100CCE02A /* QJDrawBoardView */ = {
			isa = PBXGroup;
			children = (
				F2EF1E6D232692A100CCE02A /* QJDrawBoardView.h */,
				F2EF1E6C232692A100CCE02A /* QJDrawBoardView.m */,
				F2EF1E6F232693B900CCE02A /* QJDrawBoardView.xib */,
				F2EF1E7123269F8700CCE02A /* QJDrawView.h */,
				F2EF1E7223269F8700CCE02A /* QJDrawView.m */,
				F2EF1E742326A12100CCE02A /* QJBezierPath.h */,
				F2EF1E752326A12100CCE02A /* QJBezierPath.m */,
			);
			path = QJDrawBoardView;
			sourceTree = "<group>";
		};
/* End PBXGroup section */

/* Begin PBXNativeTarget section */
		F2EF1E2F2326912000CCE02A /* QJDrawBoardDome */ = {
			isa = PBXNativeTarget;
			buildConfigurationList = F2EF1E5F2326912100CCE02A /* Build configuration list for PBXNativeTarget "QJDrawBoardDome" */;
			buildPhases = (
				F2EF1E2C2326912000CCE02A /* Sources */,
				F2EF1E2D2326912000CCE02A /* Frameworks */,
				F2EF1E2E2326912000CCE02A /* Resources */,
			);
			buildRules = (
			);
			dependencies = (
			);
			name = QJDrawBoardDome;
			productName = QJDrawBoardDome;
			productReference = F2EF1E302326912000CCE02A /* QJDrawBoardDome.app */;
			productType = "com.apple.product-type.application";
		};
		F2EF1E4A2326912100CCE02A /* QJDrawBoardDomeTests */ = {
			isa = PBXNativeTarget;
			buildConfigurationList = F2EF1E622326912100CCE02A /* Build configuration list for PBXNativeTarget "QJDrawBoardDomeTests" */;
			buildPhases = (
				F2EF1E472326912100CCE02A /* Sources */,
				F2EF1E482326912100CCE02A /* Frameworks */,
				F2EF1E492326912100CCE02A /* Resources */,
			);
			buildRules = (
			);
			dependencies = (
				F2EF1E4D2326912100CCE02A /* PBXTargetDependency */,
			);
			name = QJDrawBoardDomeTests;
			productName = QJDrawBoardDomeTests;
			productReference = F2EF1E4B2326912100CCE02A /* QJDrawBoardDomeTests.xctest */;
			productType = "com.apple.product-type.bundle.unit-test";
		};
		F2EF1E552326912100CCE02A /* QJDrawBoardDomeUITests */ = {
			isa = PBXNativeTarget;
			buildConfigurationList = F2EF1E652326912100CCE02A /* Build configuration list for PBXNativeTarget "QJDrawBoardDomeUITests" */;
			buildPhases = (
				F2EF1E522326912100CCE02A /* Sources */,
				F2EF1E532326912100CCE02A /* Frameworks */,
				F2EF1E542326912100CCE02A /* Resources */,
			);
			buildRules = (
			);
			dependencies = (
				F2EF1E582326912100CCE02A /* PBXTargetDependency */,
			);
			name = QJDrawBoardDomeUITests;
			productName = QJDrawBoardDomeUITests;
			productReference = F2EF1E562326912100CCE02A /* QJDrawBoardDomeUITests.xctest */;
			productType = "com.apple.product-type.bundle.ui-testing";
		};
/* End PBXNativeTarget section */

/* Begin PBXProject section */
		F2EF1E282326912000CCE02A /* Project object */ = {
			isa = PBXProject;
			attributes = {
				LastUpgradeCheck = 1030;
				ORGANIZATIONNAME = yiniu;
				TargetAttributes = {
					F2EF1E2F2326912000CCE02A = {
						CreatedOnToolsVersion = 10.3;
					};
					F2EF1E4A2326912100CCE02A = {
						CreatedOnToolsVersion = 10.3;
						TestTargetID = F2EF1E2F2326912000CCE02A;
					};
					F2EF1E552326912100CCE02A = {
						CreatedOnToolsVersion = 10.3;
						TestTargetID = F2EF1E2F2326912000CCE02A;
					};
				};
			};
			buildConfigurationList = F2EF1E2B2326912000CCE02A /* Build configuration list for PBXProject "QJDrawBoardDome" */;
			compatibilityVersion = "Xcode 9.3";
			developmentRegion = en;
			hasScannedForEncodings = 0;
			knownRegions = (
				en,
				Base,
			);
			mainGroup = F2EF1E272326912000CCE02A;
			productRefGroup = F2EF1E312326912000CCE02A /* Products */;
			projectDirPath = "";
			projectRoot = "";
			targets = (
				F2EF1E2F2326912000CCE02A /* QJDrawBoardDome */,
				F2EF1E4A2326912100CCE02A /* QJDrawBoardDomeTests */,
				F2EF1E552326912100CCE02A /* QJDrawBoardDomeUITests */,
			);
		};
/* End PBXProject section */

/* Begin PBXResourcesBuildPhase section */
		F2EF1E2E2326912000CCE02A /* Resources */ = {
			isa = PBXResourcesBuildPhase;
			buildActionMask = 2147483647;
			files = (
				F2EF1E70232693B900CCE02A /* QJDrawBoardView.xib in Resources */,
				F2EF1E432326912100CCE02A /* LaunchScreen.storyboard in Resources */,
				F2EF1E402326912100CCE02A /* Assets.xcassets in Resources */,
				F2EF1E3B2326912000CCE02A /* Main.storyboard in Resources */,
			);
			runOnlyForDeploymentPostprocessing = 0;
		};
		F2EF1E492326912100CCE02A /* Resources */ = {
			isa = PBXResourcesBuildPhase;
			buildActionMask = 2147483647;
			files = (
			);
			runOnlyForDeploymentPostprocessing = 0;
		};
		F2EF1E542326912100CCE02A /* Resources */ = {
			isa = PBXResourcesBuildPhase;
			buildActionMask = 2147483647;
			files = (
			);
			runOnlyForDeploymentPostprocessing = 0;
		};
/* End PBXResourcesBuildPhase section */

/* Begin PBXSourcesBuildPhase section */
		F2EF1E2C2326912000CCE02A /* Sources */ = {
			isa = PBXSourcesBuildPhase;
			buildActionMask = 2147483647;
			files = (
				F2EF1E762326A12100CCE02A /* QJBezierPath.m in Sources */,
				F2EF1E382326912000CCE02A /* ViewController.m in Sources */,
				F2EF1E3E2326912000CCE02A /* QJDrawBoardDome.xcdatamodeld in Sources */,
				F2EF1E6E232692A200CCE02A /* QJDrawBoardView.m in Sources */,
				F2EF1E462326912100CCE02A /* main.m in Sources */,
				F2EF1E352326912000CCE02A /* AppDelegate.m in Sources */,
				F2EF1E7323269F8700CCE02A /* QJDrawView.m in Sources */,
			);
			runOnlyForDeploymentPostprocessing = 0;
		};
		F2EF1E472326912100CCE02A /* Sources */ = {
			isa = PBXSourcesBuildPhase;
			buildActionMask = 2147483647;
			files = (
				F2EF1E502326912100CCE02A /* QJDrawBoardDomeTests.m in Sources */,
			);
			runOnlyForDeploymentPostprocessing = 0;
		};
		F2EF1E522326912100CCE02A /* Sources */ = {
			isa = PBXSourcesBuildPhase;
			buildActionMask = 2147483647;
			files = (
				F2EF1E5B2326912100CCE02A /* QJDrawBoardDomeUITests.m in Sources */,
			);
			runOnlyForDeploymentPostprocessing = 0;
		};
/* End PBXSourcesBuildPhase section */

/* Begin PBXTargetDependency section */
		F2EF1E4D2326912100CCE02A /* PBXTargetDependency */ = {
			isa = PBXTargetDependency;
			target = F2EF1E2F2326912000CCE02A /* QJDrawBoardDome */;
			targetProxy = F2EF1E4C2326912100CCE02A /* PBXContainerItemProxy */;
		};
		F2EF1E582326912100CCE02A /* PBXTargetDependency */ = {
			isa = PBXTargetDependency;
			target = F2EF1E2F2326912000CCE02A /* QJDrawBoardDome */;
			targetProxy = F2EF1E572326912100CCE02A /* PBXContainerItemProxy */;
		};
/* End PBXTargetDependency section */

/* Begin PBXVariantGroup section */
		F2EF1E392326912000CCE02A /* Main.storyboard */ = {
			isa = PBXVariantGroup;
			children = (
				F2EF1E3A2326912000CCE02A /* Base */,
			);
			name = Main.storyboard;
			sourceTree = "<group>";
		};
		F2EF1E412326912100CCE02A /* LaunchScreen.storyboard */ = {
			isa = PBXVariantGroup;
			children = (
				F2EF1E422326912100CCE02A /* Base */,
			);
			name = LaunchScreen.storyboard;
			sourceTree = "<group>";
		};
/* End PBXVariantGroup section */

/* Begin XCBuildConfiguration section */
		F2EF1E5D2326912100CCE02A /* Debug */ = {
			isa = XCBuildConfiguration;
			buildSettings = {
				ALWAYS_SEARCH_USER_PATHS = NO;
				CLANG_ANALYZER_NONNULL = YES;
				CLANG_ANALYZER_NUMBER_OBJECT_CONVERSION = YES_AGGRESSIVE;
				CLANG_CXX_LANGUAGE_STANDARD = "gnu++14";
				CLANG_CXX_LIBRARY = "libc++";
				CLANG_ENABLE_MODULES = YES;
				CLANG_ENABLE_OBJC_ARC = YES;
				CLANG_ENABLE_OBJC_WEAK = YES;
				CLANG_WARN_BLOCK_CAPTURE_AUTORELEASING = YES;
				CLANG_WARN_BOOL_CONVERSION = YES;
				CLANG_WARN_COMMA = YES;
				CLANG_WARN_CONSTANT_CONVERSION = YES;
				CLANG_WARN_DEPRECATED_OBJC_IMPLEMENTATIONS = YES;
				CLANG_WARN_DIRECT_OBJC_ISA_USAGE = YES_ERROR;
				CLANG_WARN_DOCUMENTATION_COMMENTS = YES;
				CLANG_WARN_EMPTY_BODY = YES;
				CLANG_WARN_ENUM_CONVERSION = YES;
				CLANG_WARN_INFINITE_RECURSION = YES;
				CLANG_WARN_INT_CONVERSION = YES;
				CLANG_WARN_NON_LITERAL_NULL_CONVERSION = YES;
				CLANG_WARN_OBJC_IMPLICIT_RETAIN_SELF = YES;
				CLANG_WARN_OBJC_LITERAL_CONVERSION = YES;
				CLANG_WARN_OBJC_ROOT_CLASS = YES_ERROR;
				CLANG_WARN_RANGE_LOOP_ANALYSIS = YES;
				CLANG_WARN_STRICT_PROTOTYPES = YES;
				CLANG_WARN_SUSPICIOUS_MOVE = YES;
				CLANG_WARN_UNGUARDED_AVAILABILITY = YES_AGGRESSIVE;
				CLANG_WARN_UNREACHABLE_CODE = YES;
				CLANG_WARN__DUPLICATE_METHOD_MATCH = YES;
				CODE_SIGN_IDENTITY = "iPhone Developer";
				COPY_PHASE_STRIP = NO;
				DEBUG_INFORMATION_FORMAT = dwarf;
				ENABLE_STRICT_OBJC_MSGSEND = YES;
				ENABLE_TESTABILITY = YES;
				GCC_C_LANGUAGE_STANDARD = gnu11;
				GCC_DYNAMIC_NO_PIC = NO;
				GCC_NO_COMMON_BLOCKS = YES;
				GCC_OPTIMIZATION_LEVEL = 0;
				GCC_PREPROCESSOR_DEFINITIONS = (
					"DEBUG=1",
					"$(inherited)",
				);
				GCC_WARN_64_TO_32_BIT_CONVERSION = YES;
				GCC_WARN_ABOUT_RETURN_TYPE = YES_ERROR;
				GCC_WARN_UNDECLARED_SELECTOR = YES;
				GCC_WARN_UNINITIALIZED_AUTOS = YES_AGGRESSIVE;
				GCC_WARN_UNUSED_FUNCTION = YES;
				GCC_WARN_UNUSED_VARIABLE = YES;
				IPHONEOS_DEPLOYMENT_TARGET = 12.4;
				MTL_ENABLE_DEBUG_INFO = INCLUDE_SOURCE;
				MTL_FAST_MATH = YES;
				ONLY_ACTIVE_ARCH = YES;
				SDKROOT = iphoneos;
			};
			name = Debug;
		};
		F2EF1E5E2326912100CCE02A /* Release */ = {
			isa = XCBuildConfiguration;
			buildSettings = {
				ALWAYS_SEARCH_USER_PATHS = NO;
				CLANG_ANALYZER_NONNULL = YES;
				CLANG_ANALYZER_NUMBER_OBJECT_CONVERSION = YES_AGGRESSIVE;
				CLANG_CXX_LANGUAGE_STANDARD = "gnu++14";
				CLANG_CXX_LIBRARY = "libc++";
				CLANG_ENABLE_MODULES = YES;
				CLANG_ENABLE_OBJC_ARC = YES;
				CLANG_ENABLE_OBJC_WEAK = YES;
				CLANG_WARN_BLOCK_CAPTURE_AUTORELEASING = YES;
				CLANG_WARN_BOOL_CONVERSION = YES;
				CLANG_WARN_COMMA = YES;
				CLANG_WARN_CONSTANT_CONVERSION = YES;
				CLANG_WARN_DEPRECATED_OBJC_IMPLEMENTATIONS = YES;
				CLANG_WARN_DIRECT_OBJC_ISA_USAGE = YES_ERROR;
				CLANG_WARN_DOCUMENTATION_COMMENTS = YES;
				CLANG_WARN_EMPTY_BODY = YES;
				CLANG_WARN_ENUM_CONVERSION = YES;
				CLANG_WARN_INFINITE_RECURSION = YES;
				CLANG_WARN_INT_CONVERSION = YES;
				CLANG_WARN_NON_LITERAL_NULL_CONVERSION = YES;
				CLANG_WARN_OBJC_IMPLICIT_RETAIN_SELF = YES;
				CLANG_WARN_OBJC_LITERAL_CONVERSION = YES;
				CLANG_WARN_OBJC_ROOT_CLASS = YES_ERROR;
				CLANG_WARN_RANGE_LOOP_ANALYSIS = YES;
				CLANG_WARN_STRICT_PROTOTYPES = YES;
				CLANG_WARN_SUSPICIOUS_MOVE = YES;
				CLANG_WARN_UNGUARDED_AVAILABILITY = YES_AGGRESSIVE;
				CLANG_WARN_UNREACHABLE_CODE = YES;
				CLANG_WARN__DUPLICATE_METHOD_MATCH = YES;
				CODE_SIGN_IDENTITY = "iPhone Developer";
				COPY_PHASE_STRIP = NO;
				DEBUG_INFORMATION_FORMAT = "dwarf-with-dsym";
				ENABLE_NS_ASSERTIONS = NO;
				ENABLE_STRICT_OBJC_MSGSEND = YES;
				GCC_C_LANGUAGE_STANDARD = gnu11;
				GCC_NO_COMMON_BLOCKS = YES;
				GCC_WARN_64_TO_32_BIT_CONVERSION = YES;
				GCC_WARN_ABOUT_RETURN_TYPE = YES_ERROR;
				GCC_WARN_UNDECLARED_SELECTOR = YES;
				GCC_WARN_UNINITIALIZED_AUTOS = YES_AGGRESSIVE;
				GCC_WARN_UNUSED_FUNCTION = YES;
				GCC_WARN_UNUSED_VARIABLE = YES;
				IPHONEOS_DEPLOYMENT_TARGET = 12.4;
				MTL_ENABLE_DEBUG_INFO = NO;
				MTL_FAST_MATH = YES;
				SDKROOT = iphoneos;
				VALIDATE_PRODUCT = YES;
			};
			name = Release;
		};
		F2EF1E602326912100CCE02A /* Debug */ = {
			isa = XCBuildConfiguration;
			buildSettings = {
				ASSETCATALOG_COMPILER_APPICON_NAME = AppIcon;
				CODE_SIGN_STYLE = Automatic;
				DEVELOPMENT_TEAM = 46S98ZE7K8;
				INFOPLIST_FILE = QJDrawBoardDome/Info.plist;
				LD_RUNPATH_SEARCH_PATHS = (
					"$(inherited)",
					"@executable_path/Frameworks",
				);
				PRODUCT_BUNDLE_IDENTIFIER = com.yiniu.app.QJDrawBoardDome;
				PRODUCT_NAME = "$(TARGET_NAME)";
				TARGETED_DEVICE_FAMILY = "1,2";
			};
			name = Debug;
		};
		F2EF1E612326912100CCE02A /* Release */ = {
			isa = XCBuildConfiguration;
			buildSettings = {
				ASSETCATALOG_COMPILER_APPICON_NAME = AppIcon;
				CODE_SIGN_STYLE = Automatic;
				DEVELOPMENT_TEAM = 46S98ZE7K8;
				INFOPLIST_FILE = QJDrawBoardDome/Info.plist;
				LD_RUNPATH_SEARCH_PATHS = (
					"$(inherited)",
					"@executable_path/Frameworks",
				);
				PRODUCT_BUNDLE_IDENTIFIER = com.yiniu.app.QJDrawBoardDome;
				PRODUCT_NAME = "$(TARGET_NAME)";
				TARGETED_DEVICE_FAMILY = "1,2";
			};
			name = Release;
		};
		F2EF1E632326912100CCE02A /* Debug */ = {
			isa = XCBuildConfiguration;
			buildSettings = {
				BUNDLE_LOADER = "$(TEST_HOST)";
				CODE_SIGN_STYLE = Automatic;
				DEVELOPMENT_TEAM = 46S98ZE7K8;
				INFOPLIST_FILE = QJDrawBoardDomeTests/Info.plist;
				LD_RUNPATH_SEARCH_PATHS = (
					"$(inherited)",
					"@executable_path/Frameworks",
					"@loader_path/Frameworks",
				);
				PRODUCT_BUNDLE_IDENTIFIER = com.yiniu.app.QJDrawBoardDomeTests;
				PRODUCT_NAME = "$(TARGET_NAME)";
				TARGETED_DEVICE_FAMILY = "1,2";
				TEST_HOST = "$(BUILT_PRODUCTS_DIR)/QJDrawBoardDome.app/QJDrawBoardDome";
			};
			name = Debug;
		};
		F2EF1E642326912100CCE02A /* Release */ = {
			isa = XCBuildConfiguration;
			buildSettings = {
				BUNDLE_LOADER = "$(TEST_HOST)";
				CODE_SIGN_STYLE = Automatic;
				DEVELOPMENT_TEAM = 46S98ZE7K8;
				INFOPLIST_FILE = QJDrawBoardDomeTests/Info.plist;
				LD_RUNPATH_SEARCH_PATHS = (
					"$(inherited)",
					"@executable_path/Frameworks",
					"@loader_path/Frameworks",
				);
				PRODUCT_BUNDLE_IDENTIFIER = com.yiniu.app.QJDrawBoardDomeTests;
				PRODUCT_NAME = "$(TARGET_NAME)";
				TARGETED_DEVICE_FAMILY = "1,2";
				TEST_HOST = "$(BUILT_PRODUCTS_DIR)/QJDrawBoardDome.app/QJDrawBoardDome";
			};
			name = Release;
		};
		F2EF1E662326912100CCE02A /* Debug */ = {
			isa = XCBuildConfiguration;
			buildSettings = {
				CODE_SIGN_STYLE = Automatic;
				DEVELOPMENT_TEAM = 46S98ZE7K8;
				INFOPLIST_FILE = QJDrawBoardDomeUITests/Info.plist;
				LD_RUNPATH_SEARCH_PATHS = (
					"$(inherited)",
					"@executable_path/Frameworks",
					"@loader_path/Frameworks",
				);
				PRODUCT_BUNDLE_IDENTIFIER = com.yiniu.app.QJDrawBoardDomeUITests;
				PRODUCT_NAME = "$(TARGET_NAME)";
				TARGETED_DEVICE_FAMILY = "1,2";
				TEST_TARGET_NAME = QJDrawBoardDome;
			};
			name = Debug;
		};
		F2EF1E672326912100CCE02A /* Release */ = {
			isa = XCBuildConfiguration;
			buildSettings = {
				CODE_SIGN_STYLE = Automatic;
				DEVELOPMENT_TEAM = 46S98ZE7K8;
				INFOPLIST_FILE = QJDrawBoardDomeUITests/Info.plist;
				LD_RUNPATH_SEARCH_PATHS = (
					"$(inherited)",
					"@executable_path/Frameworks",
					"@loader_path/Frameworks",
				);
				PRODUCT_BUNDLE_IDENTIFIER = com.yiniu.app.QJDrawBoardDomeUITests;
				PRODUCT_NAME = "$(TARGET_NAME)";
				TARGETED_DEVICE_FAMILY = "1,2";
				TEST_TARGET_NAME = QJDrawBoardDome;
			};
			name = Release;
		};
/* End XCBuildConfiguration section */

/* Begin XCConfigurationList section */
		F2EF1E2B2326912000CCE02A /* Build configuration list for PBXProject "QJDrawBoardDome" */ = {
			isa = XCConfigurationList;
			buildConfigurations = (
				F2EF1E5D2326912100CCE02A /* Debug */,
				F2EF1E5E2326912100CCE02A /* Release */,
			);
			defaultConfigurationIsVisible = 0;
			defaultConfigurationName = Release;
		};
		F2EF1E5F2326912100CCE02A /* Build configuration list for PBXNativeTarget "QJDrawBoardDome" */ = {
			isa = XCConfigurationList;
			buildConfigurations = (
				F2EF1E602326912100CCE02A /* Debug */,
				F2EF1E612326912100CCE02A /* Release */,
			);
			defaultConfigurationIsVisible = 0;
			defaultConfigurationName = Release;
		};
		F2EF1E622326912100CCE02A /* Build configuration list for PBXNativeTarget "QJDrawBoardDomeTests" */ = {
			isa = XCConfigurationList;
			buildConfigurations = (
				F2EF1E632326912100CCE02A /* Debug */,
				F2EF1E642326912100CCE02A /* Release */,
			);
			defaultConfigurationIsVisible = 0;
			defaultConfigurationName = Release;
		};
		F2EF1E652326912100CCE02A /* Build configuration list for PBXNativeTarget "QJDrawBoardDomeUITests" */ = {
			isa = XCConfigurationList;
			buildConfigurations = (
				F2EF1E662326912100CCE02A /* Debug */,
				F2EF1E672326912100CCE02A /* Release */,
			);
			defaultConfigurationIsVisible = 0;
			defaultConfigurationName = Release;
		};
/* End XCConfigurationList section */

/* Begin XCVersionGroup section */
		F2EF1E3C2326912000CCE02A /* QJDrawBoardDome.xcdatamodeld */ = {
			isa = XCVersionGroup;
			children = (
				F2EF1E3D2326912000CCE02A /* QJDrawBoardDome.xcdatamodel */,
			);
			currentVersion = F2EF1E3D2326912000CCE02A /* QJDrawBoardDome.xcdatamodel */;
			path = QJDrawBoardDome.xcdatamodeld;
			sourceTree = "<group>";
			versionGroupType = wrapper.xcdatamodel;
		};
/* End XCVersionGroup section */
	};
	rootObject = F2EF1E282326912000CCE02A /* Project object */;
}
